
Microsoft Visual Studio Solution File, Format Version 12.00
# Visual Studio Version 17
VisualStudioVersion = 17.5.33530.505
MinimumVisualStudioVersion = 10.0.40219.1
Project("{F184B08F-C81C-45F6-A57F-5ABD9991F28F}") = "PA-PEMVIS", "PA-PEMVIS\PA-PEMVIS.vbproj", "{04F34E1E-AB65-4F4C-9EB9-7864E593D9E0}"
EndProject
Global
	GlobalSection(SolutionConfigurationPlatforms) = preSolution
		Debug|Any CPU = Debug|Any CPU
		Release|Any CPU = Release|Any CPU
	EndGlobalSection
	GlobalSection(ProjectConfigurationPlatforms) = postSolution
		{04F34E1E-AB65-4F4C-9EB9-7864E593D9E0}.Debug|Any CPU.ActiveCfg = Debug|Any CPU
		{04F34E1E-AB65-4F4C-9EB9-7864E593D9E0}.Debug|Any CPU.Build.0 = Debug|Any CPU
		{04F34E1E-AB65-4F4C-9EB9-7864E593D9E0}.Release|Any CPU.ActiveCfg = Release|Any CPU
		{04F34E1E-AB65-4F4C-9EB9-7864E593D9E0}.Release|Any CPU.Build.0 = Release|Any CPU
	EndGlobalSection
	GlobalSection(SolutionProperties) = preSolution
		HideSolutionNode = FALSE
	EndGlobalSection
	GlobalSection(ExtensibilityGlobals) = postSolution
		SolutionGuid = {39DE1A34-E9E1-4A6E-B58C-68919ED44D5C}
	EndGlobalSection
EndGlobal
